<?xml version="1.0" encoding="utf-8"?>
<Project ToolsVersion="4.0" xmlns="http://schemas.microsoft.com/developer/msbuild/2003">
  <ItemGroup>
    <None Include="libtiff-5.dll" />
    <None Include="libwebp-7.dll" />
    <None Include="SDL2.dll" />
    <None Include="SDL2_image.dll" />
    <None Include="ZenViewer.aps" />
    <None Include="exiv2.dll" />
    <None Include="SDL2_ttf.dll" />
  </ItemGroup>
  <ItemGroup>
    <ClCompile Include="src\DropManage.cpp" />
    <ClCompile Include="src\core\image\Image.cpp" />
    <ClCompile Include="src\core\image\ImageLoader.cpp" />
    <ClCompile Include="src\image_ops\ImageOps.cpp" />
    <ClCompile Include="src\Main.cpp" />
    <ClCompile Include="src\math\Math.cpp" />
    <ClCompile Include="src\math\Vector2D.cpp" />
    <ClCompile Include="src\math\Vector2DOperators.cpp" />
    <ClCompile Include="src\core\Window.cpp" />
    <ClCompile Include="src\ui\core\Component.cpp" />
    <ClCompile Include="src\math\Rect.cpp" />
    <ClCompile Include="src\ui\core\ComponentList.cpp" />
    <ClCompile Include="src\ui\core\Document.cpp" />
    <ClCompile Include="src\ui\components\Debug\DebugComponent.cpp" />
    <ClCompile Include="src\ui\components\TextComp.cpp" />
    <ClCompile Include="src\ui\layout\HBox.cpp" />
    <ClCompile Include="src\ui\components\ImageComp.cpp" />
    <ClCompile Include="src\ui\components\ImageGridComp.cpp" />
    <ClCompile Include="src\ui\layout\ImageLayout.cpp" />
    <ClCompile Include="src\ui\core\tabs\Tab.cpp" />
    <ClCompile Include="src\ui\core\tabs\MoveDocument.cpp" />
    <ClCompile Include="src\ui\core\tabs\Tabs.cpp" />
  </ItemGroup>
  <ItemGroup>
    <ClInclude Include="src\DropManager.h" />
    <ClInclude Include="src\core\image\Image.h" />
    <ClInclude Include="src\core\image\ImageLoader.h" />
    <ClInclude Include="src\image_ops\ImageOps.h" />
    <ClInclude Include="src\math\Math.h" />
    <ClInclude Include="src\math\Vector2D.h" />
    <ClInclude Include="src\Utils.h" />
    <ClInclude Include="src\core\Window.h" />
    <ClInclude Include="src\ui\core\Component.h" />
    <ClInclude Include="src\math\Rect.h" />
    <ClInclude Include="src\ui\core\ComponentList.h" />
    <ClInclude Include="src\ui\core\Document.h" />
    <ClInclude Include="src\ui\components\Debug\DebugComponent.h" />
    <ClInclude Include="src\ui\components\TextComp.h" />
    <ClInclude Include="src\ui\layout\HBox.h" />
    <ClInclude Include="src\ui\components\ImageComp.h" />
    <ClInclude Include="src\ui\components\ImageGridComp.h" />
    <ClInclude Include="src\ui\layout\ImageLayout.h" />
    <ClInclude Include="src\InitWindow.h" />
    <ClInclude Include="src\ui\core\tabs\Tab.h" />
    <ClInclude Include="src\ui\core\tabs\MoveDocument.h" />
    <ClInclude Include="src\ui\core\tabs\Tabs.h" />
  </ItemGroup>
  <ItemGroup>
    <Font Include="res\Inter\Inter.ttf" />
  </ItemGroup>
  <ItemGroup>
    <Text Include="res\Inter\OFL.txt" />
    <Text Include="res\Inter\README.txt" />
  </ItemGroup>
</Project>